{
  "pid": 34313,
  "startedAt": "2026-03-19T14:50:11.459Z",
  "unitType": "execute-task",
  "unitId": "M001/S08/T01",
  "unitStartedAt": "2026-03-19T14:50:11.459Z",
  "completedUnits": 2,
  "sessionFile": "/Users/gannonhall/.kata-cli/sessions/2026-03-19T14-50-11-458Z_d4e9f0bc-8fde-4d26-805f-6714d9536d8f.jsonl"
}