{
  "pid": 1572,
  "startedAt": "2026-03-19T13:15:30.112Z",
  "unitType": "execute-task",
  "unitId": "M001/S07/T03",
  "unitStartedAt": "2026-03-19T13:15:30.112Z",
  "completedUnits": 0,
  "sessionFile": "/Users/gannonhall/.kata-cli/sessions/2026-03-19T13-15-30-112Z_b94b7b64-e44d-4307-bded-9dd5b2a3cb9d.jsonl"
}